
Microsoft Visual Studio Solution File, Format Version 12.00
# Visual Studio Version 17
VisualStudioVersion = 17.7.34221.43
MinimumVisualStudioVersion = 10.0.40219.1
Project("{FAE04EC0-301F-11D3-BF4B-00C04F79EFBC}") = "Essay", "Essay\Essay.csproj", "{7B81E75C-6A89-450A-B028-C669F45E7EBD}"
EndProject
Global
	GlobalSection(SolutionConfigurationPlatforms) = preSolution
		Debug|Any CPU = Debug|Any CPU
		Release|Any CPU = Release|Any CPU
	EndGlobalSection
	GlobalSection(ProjectConfigurationPlatforms) = postSolution
		{7B81E75C-6A89-450A-B028-C669F45E7EBD}.Debug|Any CPU.ActiveCfg = Debug|Any CPU
		{7B81E75C-6A89-450A-B028-C669F45E7EBD}.Debug|Any CPU.Build.0 = Debug|Any CPU
		{7B81E75C-6A89-450A-B028-C669F45E7EBD}.Release|Any CPU.ActiveCfg = Release|Any CPU
		{7B81E75C-6A89-450A-B028-C669F45E7EBD}.Release|Any CPU.Build.0 = Release|Any CPU
	EndGlobalSection
	GlobalSection(SolutionProperties) = preSolution
		HideSolutionNode = FALSE
	EndGlobalSection
	GlobalSection(ExtensibilityGlobals) = postSolution
		SolutionGuid = {6A961689-CD7C-4EE9-82ED-791938951D75}
	EndGlobalSection
EndGlobal
